// !$*UTF8*$!
{
	archiveVersion = 1;
	classes = {
	};
	objectVersion = 50;
	objects = {

/* Begin PBXBuildFile section */
		2F5314F3244C6ED3006B4116 /* AppDelegate.swift in Sources */ = {isa = PBXBuildFile; fileRef = 2F5314F2244C6ED3006B4116 /* AppDelegate.swift */; };
		2F5314F5244C6ED3006B4116 /* SceneDelegate.swift in Sources */ = {isa = PBXBuildFile; fileRef = 2F5314F4244C6ED3006B4116 /* SceneDelegate.swift */; };
		2F5314F7244C6ED3006B4116 /* ViewController.swift in Sources */ = {isa = PBXBuildFile; fileRef = 2F5314F6244C6ED3006B4116 /* ViewController.swift */; };
		2F5314FA244C6ED3006B4116 /* Main.storyboard in Resources */ = {isa = PBXBuildFile; fileRef = 2F5314F8244C6ED3006B4116 /* Main.storyboard */; };
		2F5314FC244C6ED6006B4116 /* Assets.xcassets in Resources */ = {isa = PBXBuildFile; fileRef = 2F5314FB244C6ED6006B4116 /* Assets.xcassets */; };
		2F5314FF244C6ED6006B4116 /* LaunchScreen.storyboard in Resources */ = {isa = PBXBuildFile; fileRef = 2F5314FD244C6ED6006B4116 /* LaunchScreen.storyboard */; };
		2F531507244C826E006B4116 /* unnamed.jpg in Resources */ = {isa = PBXBuildFile; fileRef = 2F531506244C826E006B4116 /* unnamed.jpg */; };
/* End PBXBuildFile section */

/* Begin PBXFileReference section */
		2F5314EF244C6ED3006B4116 /* DainikBhaskarReadFxn.app */ = {isa = PBXFileReference; explicitFileType = wrapper.application; includeInIndex = 0; path = DainikBhaskarReadFxn.app; sourceTree = BUILT_PRODUCTS_DIR; };
		2F5314F2244C6ED3006B4116 /* AppDelegate.swift */ = {isa = PBXFileReference; lastKnownFileType = sourcecode.swift; path = AppDelegate.swift; sourceTree = "<group>"; };
		2F5314F4244C6ED3006B4116 /* SceneDelegate.swift */ = {isa = PBXFileReference; lastKnownFileType = sourcecode.swift; path = SceneDelegate.swift; sourceTree = "<group>"; };
		2F5314F6244C6ED3006B4116 /* ViewController.swift */ = {isa = PBXFileReference; lastKnownFileType = sourcecode.swift; path = ViewController.swift; sourceTree = "<group>"; };
		2F5314F9244C6ED3006B4116 /* Base */ = {isa = PBXFileReference; lastKnownFileType = file.storyboard; name = Base; path = Base.lproj/Main.storyboard; sourceTree = "<group>"; };
		2F5314FB244C6ED6006B4116 /* Assets.xcassets */ = {isa = PBXFileReference; lastKnownFileType = folder.assetcatalog; path = Assets.xcassets; sourceTree = "<group>"; };
		2F5314FE244C6ED6006B4116 /* Base */ = {isa = PBXFileReference; lastKnownFileType = file.storyboard; name = Base; path = Base.lproj/LaunchScreen.storyboard; sourceTree = "<group>"; };
		2F531500244C6ED6006B4116 /* Info.plist */ = {isa = PBXFileReference; lastKnownFileType = text.plist.xml; path = Info.plist; sourceTree = "<group>"; };
		2F531506244C826E006B4116 /* unnamed.jpg */ = {isa = PBXFileReference; lastKnownFileType = image.jpeg; path = unnamed.jpg; sourceTree = "<group>"; };
/* End PBXFileReference section */

/* Begin PBXFrameworksBuildPhase section */
		2F5314EC244C6ED3006B4116 /* Frameworks */ = {
			isa = PBXFrameworksBuildPhase;
			buildActionMask = 2147483647;
			files = (
			);
			runOnlyForDeploymentPostprocessing = 0;
		};
/* End PBXFrameworksBuildPhase section */

/* Begin PBXGroup section */
		2F5314E6244C6ED3006B4116 = {
			isa = PBXGroup;
			children = (
				2F5314F1244C6ED3006B4116 /* DainikBhaskarReadFxn */,
				2F5314F0244C6ED3006B4116 /* Products */,
			);
			sourceTree = "<group>";
		};
		2F5314F0244C6ED3006B4116 /* Products */ = {
			isa = PBXGroup;
			children = (
				2F5314EF244C6ED3006B4116 /* DainikBhaskarReadFxn.app */,
			);
			name = Products;
			sourceTree = "<group>";
		};
		2F5314F1244C6ED3006B4116 /* DainikBhaskarReadFxn */ = {
			isa = PBXGroup;
			children = (
				2F5314F2244C6ED3006B4116 /* AppDelegate.swift */,
				2F5314F4244C6ED3006B4116 /* SceneDelegate.swift */,
				2F5314F6244C6ED3006B4116 /* ViewController.swift */,
				2F5314F8244C6ED3006B4116 /* Main.storyboard */,
				2F5314FB244C6ED6006B4116 /* Assets.xcassets */,
				2F5314FD244C6ED6006B4116 /* LaunchScreen.storyboard */,
				2F531500244C6ED6006B4116 /* Info.plist */,
				2F531506244C826E006B4116 /* unnamed.jpg */,
			);
			path = DainikBhaskarReadFxn;
			sourceTree = "<group>";
		};
/* End PBXGroup section */

/* Begin PBXNativeTarget section */
		2F5314EE244C6ED3006B4116 /* DainikBhaskarReadFxn */ = {
			isa = PBXNativeTarget;
			buildConfigurationList = 2F531503244C6ED6006B4116 /* Build configuration list for PBXNativeTarget "DainikBhaskarReadFxn" */;
			buildPhases = (
				2F5314EB244C6ED3006B4116 /* Sources */,
				2F5314EC244C6ED3006B4116 /* Frameworks */,
				2F5314ED244C6ED3006B4116 /* Resources */,
			);
			buildRules = (
			);
			dependencies = (
			);
			name = DainikBhaskarReadFxn;
			productName = DainikBhaskarReadFxn;
			productReference = 2F5314EF244C6ED3006B4116 /* DainikBhaskarReadFxn.app */;
			productType = "com.apple.product-type.application";
		};
/* End PBXNativeTarget section */

/* Begin PBXProject section */
		2F5314E7244C6ED3006B4116 /* Project object */ = {
			isa = PBXProject;
			attributes = {
				LastSwiftUpdateCheck = 1130;
				LastUpgradeCheck = 1130;
				ORGANIZATIONNAME = "Rahul Chopra";
				TargetAttributes = {
					2F5314EE244C6ED3006B4116 = {
						CreatedOnToolsVersion = 11.3;
					};
				};
			};
			buildConfigurationList = 2F5314EA244C6ED3006B4116 /* Build configuration list for PBXProject "DainikBhaskarReadFxn" */;
			compatibilityVersion = "Xcode 9.3";
			developmentRegion = en;
			hasScannedForEncodings = 0;
			knownRegions = (
				en,
				Base,
			);
			mainGroup = 2F5314E6244C6ED3006B4116;
			productRefGroup = 2F5314F0244C6ED3006B4116 /* Products */;
			projectDirPath = "";
			projectRoot = "";
			targets = (
				2F5314EE244C6ED3006B4116 /* DainikBhaskarReadFxn */,
			);
		};
/* End PBXProject section */

/* Begin PBXResourcesBuildPhase section */
		2F5314ED244C6ED3006B4116 /* Resources */ = {
			isa = PBXResourcesBuildPhase;
			buildActionMask = 2147483647;
			files = (
				2F5314FF244C6ED6006B4116 /* LaunchScreen.storyboard in Resources */,
				2F5314FC244C6ED6006B4116 /* Assets.xcassets in Resources */,
				2F531507244C826E006B4116 /* unnamed.jpg in Resources */,
				2F5314FA244C6ED3006B4116 /* Main.storyboard in Resources */,
			);
			runOnlyForDeploymentPostprocessing = 0;
		};
/* End PBXResourcesBuildPhase section */

/* Begin PBXSourcesBuildPhase section */
		2F5314EB244C6ED3006B4116 /* Sources */ = {
			isa = PBXSourcesBuildPhase;
			buildActionMask = 2147483647;
			files = (
				2F5314F7244C6ED3006B4116 /* ViewController.swift in Sources */,
				2F5314F3244C6ED3006B4116 /* AppDelegate.swift in Sources */,
				2F5314F5244C6ED3006B4116 /* SceneDelegate.swift in Sources */,
			);
			runOnlyForDeploymentPostprocessing = 0;
		};
/* End PBXSourcesBuildPhase section */

/* Begin PBXVariantGroup section */
		2F5314F8244C6ED3006B4116 /* Main.storyboard */ = {
			isa = PBXVariantGroup;
			children = (
				2F5314F9244C6ED3006B4116 /* Base */,
			);
			name = Main.storyboard;
			sourceTree = "<group>";
		};
		2F5314FD244C6ED6006B4116 /* LaunchScreen.storyboard */ = {
			isa = PBXVariantGroup;
			children = (
				2F5314FE244C6ED6006B4116 /* Base */,
			);
			name = LaunchScreen.storyboard;
			sourceTree = "<group>";
		};
/* End PBXVariantGroup section */

/* Begin XCBuildConfiguration section */
		2F531501244C6ED6006B4116 /* Debug */ = {
			isa = XCBuildConfiguration;
			buildSettings = {
				ALWAYS_SEARCH_USER_PATHS = NO;
				CLANG_ANALYZER_NONNULL = YES;
				CLANG_ANALYZER_NUMBER_OBJECT_CONVERSION = YES_AGGRESSIVE;
				CLANG_CXX_LANGUAGE_STANDARD = "gnu++14";
				CLANG_CXX_LIBRARY = "libc++";
				CLANG_ENABLE_MODULES = YES;
				CLANG_ENABLE_OBJC_ARC = YES;
				CLANG_ENABLE_OBJC_WEAK = YES;
				CLANG_WARN_BLOCK_CAPTURE_AUTORELEASING = YES;
				CLANG_WARN_BOOL_CONVERSION = YES;
				CLANG_WARN_COMMA = YES;
				CLANG_WARN_CONSTANT_CONVERSION = YES;
				CLANG_WARN_DEPRECATED_OBJC_IMPLEMENTATIONS = YES;
				CLANG_WARN_DIRECT_OBJC_ISA_USAGE = YES_ERROR;
				CLANG_WARN_DOCUMENTATION_COMMENTS = YES;
				CLANG_WARN_EMPTY_BODY = YES;
				CLANG_WARN_ENUM_CONVERSION = YES;
				CLANG_WARN_INFINITE_RECURSION = YES;
				CLANG_WARN_INT_CONVERSION = YES;
				CLANG_WARN_NON_LITERAL_NULL_CONVERSION = YES;
				CLANG_WARN_OBJC_IMPLICIT_RETAIN_SELF = YES;
				CLANG_WARN_OBJC_LITERAL_CONVERSION = YES;
				CLANG_WARN_OBJC_ROOT_CLASS = YES_ERROR;
				CLANG_WARN_RANGE_LOOP_ANALYSIS = YES;
				CLANG_WARN_STRICT_PROTOTYPES = YES;
				CLANG_WARN_SUSPICIOUS_MOVE = YES;
				CLANG_WARN_UNGUARDED_AVAILABILITY = YES_AGGRESSIVE;
				CLANG_WARN_UNREACHABLE_CODE = YES;
				CLANG_WARN__DUPLICATE_METHOD_MATCH = YES;
				COPY_PHASE_STRIP = NO;
				DEBUG_INFORMATION_FORMAT = dwarf;
				ENABLE_STRICT_OBJC_MSGSEND = YES;
				ENABLE_TESTABILITY = YES;
				GCC_C_LANGUAGE_STANDARD = gnu11;
				GCC_DYNAMIC_NO_PIC = NO;
				GCC_NO_COMMON_BLOCKS = YES;
				GCC_OPTIMIZATION_LEVEL = 0;
				GCC_PREPROCESSOR_DEFINITIONS = (
					"DEBUG=1",
					"$(inherited)",
				);
				GCC_WARN_64_TO_32_BIT_CONVERSION = YES;
				GCC_WARN_ABOUT_RETURN_TYPE = YES_ERROR;
				GCC_WARN_UNDECLARED_SELECTOR = YES;
				GCC_WARN_UNINITIALIZED_AUTOS = YES_AGGRESSIVE;
				GCC_WARN_UNUSED_FUNCTION = YES;
				GCC_WARN_UNUSED_VARIABLE = YES;
				IPHONEOS_DEPLOYMENT_TARGET = 13.2;
				MTL_ENABLE_DEBUG_INFO = INCLUDE_SOURCE;
				MTL_FAST_MATH = YES;
				ONLY_ACTIVE_ARCH = YES;
				SDKROOT = iphoneos;
				SWIFT_ACTIVE_COMPILATION_CONDITIONS = DEBUG;
				SWIFT_OPTIMIZATION_LEVEL = "-Onone";
			};
			name = Debug;
		};
		2F531502244C6ED6006B4116 /* Release */ = {
			isa = XCBuildConfiguration;
			buildSettings = {
				ALWAYS_SEARCH_USER_PATHS = NO;
				CLANG_ANALYZER_NONNULL = YES;
				CLANG_ANALYZER_NUMBER_OBJECT_CONVERSION = YES_AGGRESSIVE;
				CLANG_CXX_LANGUAGE_STANDARD = "gnu++14";
				CLANG_CXX_LIBRARY = "libc++";
				CLANG_ENABLE_MODULES = YES;
				CLANG_ENABLE_OBJC_ARC = YES;
				CLANG_ENABLE_OBJC_WEAK = YES;
				CLANG_WARN_BLOCK_CAPTURE_AUTORELEASING = YES;
				CLANG_WARN_BOOL_CONVERSION = YES;
				CLANG_WARN_COMMA = YES;
				CLANG_WARN_CONSTANT_CONVERSION = YES;
				CLANG_WARN_DEPRECATED_OBJC_IMPLEMENTATIONS = YES;
				CLANG_WARN_DIRECT_OBJC_ISA_USAGE = YES_ERROR;
				CLANG_WARN_DOCUMENTATION_COMMENTS = YES;
				CLANG_WARN_EMPTY_BODY = YES;
				CLANG_WARN_ENUM_CONVERSION = YES;
				CLANG_WARN_INFINITE_RECURSION = YES;
				CLANG_WARN_INT_CONVERSION = YES;
				CLANG_WARN_NON_LITERAL_NULL_CONVERSION = YES;
				CLANG_WARN_OBJC_IMPLICIT_RETAIN_SELF = YES;
				CLANG_WARN_OBJC_LITERAL_CONVERSION = YES;
				CLANG_WARN_OBJC_ROOT_CLASS = YES_ERROR;
				CLANG_WARN_RANGE_LOOP_ANALYSIS = YES;
				CLANG_WARN_STRICT_PROTOTYPES = YES;
				CLANG_WARN_SUSPICIOUS_MOVE = YES;
				CLANG_WARN_UNGUARDED_AVAILABILITY = YES_AGGRESSIVE;
				CLANG_WARN_UNREACHABLE_CODE = YES;
				CLANG_WARN__DUPLICATE_METHOD_MATCH = YES;
				COPY_PHASE_STRIP = NO;
				DEBUG_INFORMATION_FORMAT = "dwarf-with-dsym";
				ENABLE_NS_ASSERTIONS = NO;
				ENABLE_STRICT_OBJC_MSGSEND = YES;
				GCC_C_LANGUAGE_STANDARD = gnu11;
				GCC_NO_COMMON_BLOCKS = YES;
				GCC_WARN_64_TO_32_BIT_CONVERSION = YES;
				GCC_WARN_ABOUT_RETURN_TYPE = YES_ERROR;
				GCC_WARN_UNDECLARED_SELECTOR = YES;
				GCC_WARN_UNINITIALIZED_AUTOS = YES_AGGRESSIVE;
				GCC_WARN_UNUSED_FUNCTION = YES;
				GCC_WARN_UNUSED_VARIABLE = YES;
				IPHONEOS_DEPLOYMENT_TARGET = 13.2;
				MTL_ENABLE_DEBUG_INFO = NO;
				MTL_FAST_MATH = YES;
				SDKROOT = iphoneos;
				SWIFT_COMPILATION_MODE = wholemodule;
				SWIFT_OPTIMIZATION_LEVEL = "-O";
				VALIDATE_PRODUCT = YES;
			};
			name = Release;
		};
		2F531504244C6ED6006B4116 /* Debug */ = {
			isa = XCBuildConfiguration;
			buildSettings = {
				ASSETCATALOG_COMPILER_APPICON_NAME = AppIcon;
				CODE_SIGN_STYLE = Automatic;
				DEVELOPMENT_TEAM = YCDDLU6XMN;
				INFOPLIST_FILE = DainikBhaskarReadFxn/Info.plist;
				IPHONEOS_DEPLOYMENT_TARGET = 13.0;
				LD_RUNPATH_SEARCH_PATHS = (
					"$(inherited)",
					"@executable_path/Frameworks",
				);
				PRODUCT_BUNDLE_IDENTIFIER = com.appsmall.DainikBhaskarReadFxn;
				PRODUCT_NAME = "$(TARGET_NAME)";
				SWIFT_VERSION = 5.0;
				TARGETED_DEVICE_FAMILY = "1,2";
			};
			name = Debug;
		};
		2F531505244C6ED6006B4116 /* Release */ = {
			isa = XCBuildConfiguration;
			buildSettings = {
				ASSETCATALOG_COMPILER_APPICON_NAME = AppIcon;
				CODE_SIGN_IDENTITY = "Apple Development";
				CODE_SIGN_STYLE = Automatic;
				DEVELOPMENT_TEAM = YCDDLU6XMN;
				INFOPLIST_FILE = DainikBhaskarReadFxn/Info.plist;
				IPHONEOS_DEPLOYMENT_TARGET = 13.0;
				LD_RUNPATH_SEARCH_PATHS = (
					"$(inherited)",
					"@executable_path/Frameworks",
				);
				PRODUCT_BUNDLE_IDENTIFIER = com.appsmall.DainikBhaskarReadFxn;
				PRODUCT_NAME = "$(TARGET_NAME)";
				PROVISIONING_PROFILE_SPECIFIER = "";
				SWIFT_VERSION = 5.0;
				TARGETED_DEVICE_FAMILY = "1,2";
			};
			name = Release;
		};
/* End XCBuildConfiguration section */

/* Begin XCConfigurationList section */
		2F5314EA244C6ED3006B4116 /* Build configuration list for PBXProject "DainikBhaskarReadFxn" */ = {
			isa = XCConfigurationList;
			buildConfigurations = (
				2F531501244C6ED6006B4116 /* Debug */,
				2F531502244C6ED6006B4116 /* Release */,
			);
			defaultConfigurationIsVisible = 0;
			defaultConfigurationName = Release;
		};
		2F531503244C6ED6006B4116 /* Build configuration list for PBXNativeTarget "DainikBhaskarReadFxn" */ = {
			isa = XCConfigurationList;
			buildConfigurations = (
				2F531504244C6ED6006B4116 /* Debug */,
				2F531505244C6ED6006B4116 /* Release */,
			);
			defaultConfigurationIsVisible = 0;
			defaultConfigurationName = Release;
		};
/* End XCConfigurationList section */
	};
	rootObject = 2F5314E7244C6ED3006B4116 /* Project object */;
}
